<?xml version="1.0" encoding="utf-8"?>
<Project ToolsVersion="4.0" xmlns="http://schemas.microsoft.com/developer/msbuild/2003">
  <ItemGroup>
    <Filter Include="Source Files">
      <UniqueIdentifier>{4FC737F1-C7A5-4376-A066-2A32D752A2FF}</UniqueIdentifier>
      <Extensions>cpp;c;cc;cxx;def;odl;idl;hpj;bat;asm;asmx</Extensions>
    </Filter>
    <Filter Include="Header Files">
      <UniqueIdentifier>{93995380-89BD-4b04-88EB-625FBE52EBFB}</UniqueIdentifier>
      <Extensions>h;hh;hpp;hxx;hm;inl;inc;xsd</Extensions>
    </Filter>
    <Filter Include="Resource Files">
      <UniqueIdentifier>{67DA6AB6-F800-4c08-8B7A-83BB121AAD01}</UniqueIdentifier>
      <Extensions>rc;ico;cur;bmp;dlg;rc2;rct;bin;rgs;gif;jpg;jpeg;jpe;resx;tiff;tif;png;wav;mfcribbon-ms</Extensions>
    </Filter>
    <Filter Include="generated">
      <UniqueIdentifier>{ef397b7b-1192-4d44-93ed-fadaec7622e8}</UniqueIdentifier>
    </Filter>
  </ItemGroup>
  <ItemGroup>
    <ClCompile Include="main.cpp">
      <Filter>Source Files</Filter>
    </ClCompile>
    <ClCompile Include="src\VbfDatabase.cpp">
      <Filter>Resource Files</Filter>
    </ClCompile>
    <ClCompile Include="src\VbfHeaderSection.cpp">
      <Filter>Resource Files</Filter>
    </ClCompile>
    <ClCompile Include="..\..\generated\VbfBaseListener.cpp">
      <Filter>generated</Filter>
    </ClCompile>
    <ClCompile Include="..\..\generated\VbfBaseVisitor.cpp">
      <Filter>generated</Filter>
    </ClCompile>
    <ClCompile Include="..\..\generated\VbfLexer.cpp">
      <Filter>generated</Filter>
    </ClCompile>
    <ClCompile Include="..\..\generated\VbfListener.cpp">
      <Filter>generated</Filter>
    </ClCompile>
    <ClCompile Include="..\..\generated\VbfParser.cpp">
      <Filter>generated</Filter>
    </ClCompile>
    <ClCompile Include="..\..\generated\VbfVisitor.cpp">
      <Filter>generated</Filter>
    </ClCompile>
    <ClCompile Include="src\VbfMyVisitor.cpp">
      <Filter>Resource Files</Filter>
    </ClCompile>
  </ItemGroup>
  <ItemGroup>
    <ClInclude Include="inc\VbfCommon.h">
      <Filter>Header Files</Filter>
    </ClInclude>
    <ClInclude Include="inc\VbfDatabase.h">
      <Filter>Header Files</Filter>
    </ClInclude>
    <ClInclude Include="inc\VbfHeaderSection.h">
      <Filter>Header Files</Filter>
    </ClInclude>
    <ClInclude Include="..\..\generated\VbfBaseListener.h">
      <Filter>generated</Filter>
    </ClInclude>
    <ClInclude Include="..\..\generated\VbfBaseVisitor.h">
      <Filter>generated</Filter>
    </ClInclude>
    <ClInclude Include="..\..\generated\VbfLexer.h">
      <Filter>generated</Filter>
    </ClInclude>
    <ClInclude Include="..\..\generated\VbfListener.h">
      <Filter>generated</Filter>
    </ClInclude>
    <ClInclude Include="..\..\generated\VbfParser.h">
      <Filter>generated</Filter>
    </ClInclude>
    <ClInclude Include="..\..\generated\VbfVisitor.h">
      <Filter>generated</Filter>
    </ClInclude>
    <ClInclude Include="inc\VbfMyVisItor.h">
      <Filter>Header Files</Filter>
    </ClInclude>
  </ItemGroup>
</Project>